
Microsoft Visual Studio Solution File, Format Version 12.00
# Visual Studio Version 16
VisualStudioVersion = 16.0.30330.147
MinimumVisualStudioVersion = 10.0.40219.1
Project("{FAE04EC0-301F-11D3-BF4B-00C04F79EFBC}") = "Znalytics.Group3.PecuniaBank", "EXAMLE\Znalytics.Group3.PecuniaBank.csproj", "{A73B468B-5556-41F0-8F49-31F5833B8902}"
EndProject
Project("{FAE04EC0-301F-11D3-BF4B-00C04F79EFBC}") = "Znalytics.Group3.PecuniaBank.DataAccessLayer", "Znalytics.Group3.PecuniaBank.DataAccessLayer\Znalytics.Group3.PecuniaBank.DataAccessLayer.csproj", "{A77969B1-E464-4A59-835D-168235CF69DD}"
EndProject
Project("{FAE04EC0-301F-11D3-BF4B-00C04F79EFBC}") = "Znalytics.Group3.PecuniaBank.BusinessLogicLayer", "Znalytics.Group3.PecuniaBank.BusinessLogicLayer\Znalytics.Group3.PecuniaBank.BusinessLogicLayer.csproj", "{70A2889F-26F6-4B2A-9700-31D28609819D}"
EndProject
Project("{FAE04EC0-301F-11D3-BF4B-00C04F79EFBC}") = "Znalytics.Group3.PecuniaBank.Entities", "Znalytics.Group3.PecuniaBank.Entities\Znalytics.Group3.PecuniaBank.Entities.csproj", "{36F33C1B-09BB-476F-AE81-1B915E39733F}"
EndProject
Global
	GlobalSection(SolutionConfigurationPlatforms) = preSolution
		Debug|Any CPU = Debug|Any CPU
		Release|Any CPU = Release|Any CPU
	EndGlobalSection
	GlobalSection(ProjectConfigurationPlatforms) = postSolution
		{A73B468B-5556-41F0-8F49-31F5833B8902}.Debug|Any CPU.ActiveCfg = Debug|Any CPU
		{A73B468B-5556-41F0-8F49-31F5833B8902}.Debug|Any CPU.Build.0 = Debug|Any CPU
		{A73B468B-5556-41F0-8F49-31F5833B8902}.Release|Any CPU.ActiveCfg = Release|Any CPU
		{A73B468B-5556-41F0-8F49-31F5833B8902}.Release|Any CPU.Build.0 = Release|Any CPU
		{A77969B1-E464-4A59-835D-168235CF69DD}.Debug|Any CPU.ActiveCfg = Debug|Any CPU
		{A77969B1-E464-4A59-835D-168235CF69DD}.Debug|Any CPU.Build.0 = Debug|Any CPU
		{A77969B1-E464-4A59-835D-168235CF69DD}.Release|Any CPU.ActiveCfg = Release|Any CPU
		{A77969B1-E464-4A59-835D-168235CF69DD}.Release|Any CPU.Build.0 = Release|Any CPU
		{70A2889F-26F6-4B2A-9700-31D28609819D}.Debug|Any CPU.ActiveCfg = Debug|Any CPU
		{70A2889F-26F6-4B2A-9700-31D28609819D}.Debug|Any CPU.Build.0 = Debug|Any CPU
		{70A2889F-26F6-4B2A-9700-31D28609819D}.Release|Any CPU.ActiveCfg = Release|Any CPU
		{70A2889F-26F6-4B2A-9700-31D28609819D}.Release|Any CPU.Build.0 = Release|Any CPU
		{36F33C1B-09BB-476F-AE81-1B915E39733F}.Debug|Any CPU.ActiveCfg = Debug|Any CPU
		{36F33C1B-09BB-476F-AE81-1B915E39733F}.Debug|Any CPU.Build.0 = Debug|Any CPU
		{36F33C1B-09BB-476F-AE81-1B915E39733F}.Release|Any CPU.ActiveCfg = Release|Any CPU
		{36F33C1B-09BB-476F-AE81-1B915E39733F}.Release|Any CPU.Build.0 = Release|Any CPU
	EndGlobalSection
	GlobalSection(SolutionProperties) = preSolution
		HideSolutionNode = FALSE
	EndGlobalSection
	GlobalSection(ExtensibilityGlobals) = postSolution
		SolutionGuid = {5067706C-73AE-4BEB-AAF4-158EE9E7B434}
	EndGlobalSection
EndGlobal
