
Microsoft Visual Studio Solution File, Format Version 12.00
# Visual Studio Version 16
VisualStudioVersion = 16.0.30330.147
MinimumVisualStudioVersion = 10.0.40219.1
Project("{FAE04EC0-301F-11D3-BF4B-00C04F79EFBC}") = "Znalytics.Group3.PecuniaBank", "Znalytics.Group3.PecuniaBank\Znalytics.Group3.PecuniaBank.csproj", "{67CD5F3D-0D63-4601-B73D-09B94B57D06F}"
EndProject
Global
	GlobalSection(SolutionConfigurationPlatforms) = preSolution
		Debug|Any CPU = Debug|Any CPU
		Release|Any CPU = Release|Any CPU
	EndGlobalSection
	GlobalSection(ProjectConfigurationPlatforms) = postSolution
		{67CD5F3D-0D63-4601-B73D-09B94B57D06F}.Debug|Any CPU.ActiveCfg = Debug|Any CPU
		{67CD5F3D-0D63-4601-B73D-09B94B57D06F}.Debug|Any CPU.Build.0 = Debug|Any CPU
		{67CD5F3D-0D63-4601-B73D-09B94B57D06F}.Release|Any CPU.ActiveCfg = Release|Any CPU
		{67CD5F3D-0D63-4601-B73D-09B94B57D06F}.Release|Any CPU.Build.0 = Release|Any CPU
	EndGlobalSection
	GlobalSection(SolutionProperties) = preSolution
		HideSolutionNode = FALSE
	EndGlobalSection
	GlobalSection(ExtensibilityGlobals) = postSolution
		SolutionGuid = {F2606169-FC69-4470-99DD-D4C517CB339E}
	EndGlobalSection
EndGlobal
